Microsoft Visual Studio Solution File, Format Version 9.00
# Visual Studio 2005
Project("{FAE04EC0-301F-11D3-BF4B-00C04F79EFBC}") = "SimulatedKHR1.Y2006.M07.proxy", "SimulatedKHR1.Y2006.M07.proxy.csproj", "{98FC5758-D4C4-4C47-B7E4-11622460F834}"
EndProject
Global
	GlobalSection(SolutionConfigurationPlatforms) = preSolution
		Debug|Any CPU = Debug|Any CPU
		Release|Any CPU = Release|Any CPU
	EndGlobalSection
	GlobalSection(ProjectConfigurationPlatforms) = postSolution
		{98FC5758-D4C4-4C47-B7E4-11622460F834}.Debug|Any CPU.ActiveCfg = Debug|Any CPU
		{98FC5758-D4C4-4C47-B7E4-11622460F834}.Debug|Any CPU.Build.0 = Debug|Any CPU
		{98FC5758-D4C4-4C47-B7E4-11622460F834}.Release|Any CPU.ActiveCfg = Release|Any CPU
		{98FC5758-D4C4-4C47-B7E4-11622460F834}.Release|Any CPU.Build.0 = Release|Any CPU
	EndGlobalSection
	GlobalSection(SolutionProperties) = preSolution
		HideSolutionNode = FALSE
	EndGlobalSection
EndGlobal